<?xml version="1.0" encoding="utf-8"?>
<Project ToolsVersion="4.0" xmlns="http://schemas.microsoft.com/developer/msbuild/2003">
  <ItemGroup>
    <Filter Include="Source Files">
      <UniqueIdentifier>{4FC737F1-C7A5-4376-A066-2A32D752A2FF}</UniqueIdentifier>
      <Extensions>cpp;c;cc;cxx;def;odl;idl;hpj;bat;asm;asmx</Extensions>
    </Filter>
    <Filter Include="Header Files">
      <UniqueIdentifier>{93995380-89BD-4b04-88EB-625FBE52EBFB}</UniqueIdentifier>
      <Extensions>h;hpp;hxx;hm;inl;inc;xsd</Extensions>
    </Filter>
    <Filter Include="Resource Files">
      <UniqueIdentifier>{67DA6AB6-F800-4c08-8B7A-83BB121AAD01}</UniqueIdentifier>
      <Extensions>rc;ico;cur;bmp;dlg;rc2;rct;bin;rgs;gif;jpg;jpeg;jpe;resx;tiff;tif;png;wav;mfcribbon-ms</Extensions>
    </Filter>
  </ItemGroup>
  <ItemGroup>
    <ClInclude Include="AdimensionalNumbers.h">
      <Filter>Header Files</Filter>
    </ClInclude>
    <ClInclude Include="AnnulusLeak.h">
      <Filter>Header Files</Filter>
    </ClInclude>
    <ClInclude Include="Axis.h">
      <Filter>Header Files</Filter>
    </ClInclude>
    <ClInclude Include="Bearings.h">
      <Filter>Header Files</Filter>
    </ClInclude>
    <ClInclude Include="Booster.h">
      <Filter>Header Files</Filter>
    </ClInclude>
    <ClInclude Include="Bundy.h">
      <Filter>Header Files</Filter>
    </ClInclude>
    <ClInclude Include="CompressionChamber.h">
      <Filter>Header Files</Filter>
    </ClInclude>
    <ClInclude Include="Compressor.h">
      <Filter>Header Files</Filter>
    </ClInclude>
    <ClInclude Include="Constants.h">
      <Filter>Header Files</Filter>
    </ClInclude>
    <ClInclude Include="Crank.h">
      <Filter>Header Files</Filter>
    </ClInclude>
    <ClInclude Include="Cylinder.h">
      <Filter>Header Files</Filter>
    </ClInclude>
    <ClInclude Include="DischargeChamber.h">
      <Filter>Header Files</Filter>
    </ClInclude>
    <ClInclude Include="DischargeLine.h">
      <Filter>Header Files</Filter>
    </ClInclude>
    <ClInclude Include="DischargeMuffler.h">
      <Filter>Header Files</Filter>
    </ClInclude>
    <ClInclude Include="DynamicSystem.h">
      <Filter>Header Files</Filter>
    </ClInclude>
    <ClInclude Include="DynamicSystemFactory.h">
      <Filter>Header Files</Filter>
    </ClInclude>
    <ClInclude Include="EffectiveFlowArea.h">
      <Filter>Header Files</Filter>
    </ClInclude>
    <ClInclude Include="EffectiveForceArea.h">
      <Filter>Header Files</Filter>
    </ClInclude>
    <ClInclude Include="Evaporator.h">
      <Filter>Header Files</Filter>
    </ClInclude>
    <ClInclude Include="ExperimentalTemperatures.h">
      <Filter>Header Files</Filter>
    </ClInclude>
    <ClInclude Include="ExternalEnvironment.h">
      <Filter>Header Files</Filter>
    </ClInclude>
    <ClInclude Include="gaussj.h">
      <Filter>Header Files</Filter>
    </ClInclude>
    <ClInclude Include="GlobalHeatTransfer.h">
      <Filter>Header Files</Filter>
    </ClInclude>
    <ClInclude Include="HeatTransfer.h">
      <Filter>Header Files</Filter>
    </ClInclude>
    <ClInclude Include="HeatTransferRate.h">
      <Filter>Header Files</Filter>
    </ClInclude>
    <ClInclude Include="Impeller.h">
      <Filter>Header Files</Filter>
    </ClInclude>
    <ClInclude Include="Input.h">
      <Filter>Header Files</Filter>
    </ClInclude>
    <ClInclude Include="InternalEnvironment.h">
      <Filter>Header Files</Filter>
    </ClInclude>
    <ClInclude Include="interp_1d.h">
      <Filter>Header Files</Filter>
    </ClInclude>
    <ClInclude Include="interp_linear.h">
      <Filter>Header Files</Filter>
    </ClInclude>
    <ClInclude Include="Interpolation.h">
      <Filter>Header Files</Filter>
    </ClInclude>
    <ClInclude Include="Jacobian.h">
      <Filter>Header Files</Filter>
    </ClInclude>
    <ClInclude Include="Leak.h">
      <Filter>Header Files</Filter>
    </ClInclude>
    <ClInclude Include="Mechanism.h">
      <Filter>Header Files</Filter>
    </ClInclude>
    <ClInclude Include="Motor.h">
      <Filter>Header Files</Filter>
    </ClInclude>
    <ClInclude Include="MultipleOrifices.h">
      <Filter>Header Files</Filter>
    </ClInclude>
    <ClInclude Include="NewRecip.h">
      <Filter>Header Files</Filter>
    </ClInclude>
    <ClInclude Include="NewtonRaphson.h">
      <Filter>Header Files</Filter>
    </ClInclude>
    <ClInclude Include="nr3.h">
      <Filter>Header Files</Filter>
    </ClInclude>
    <ClInclude Include="NumericalRecipes.h">
      <Filter>Header Files</Filter>
    </ClInclude>
    <ClInclude Include="Oil.h">
      <Filter>Header Files</Filter>
    </ClInclude>
    <ClInclude Include="Orifice.h">
      <Filter>Header Files</Filter>
    </ClInclude>
    <ClInclude Include="OrificeFactory.h">
      <Filter>Header Files</Filter>
    </ClInclude>
    <ClInclude Include="OrificesSet.h">
      <Filter>Header Files</Filter>
    </ClInclude>
    <ClInclude Include="Piston.h">
      <Filter>Header Files</Filter>
    </ClInclude>
    <ClInclude Include="POLOIO.h">
      <Filter>Header Files</Filter>
    </ClInclude>
    <ClInclude Include="PostProcessing.h">
      <Filter>Header Files</Filter>
    </ClInclude>
    <ClInclude Include="Refrigerant.h">
      <Filter>Header Files</Filter>
    </ClInclude>
    <ClInclude Include="Residue.h">
      <Filter>Header Files</Filter>
    </ClInclude>
    <ClInclude Include="Rod.h">
      <Filter>Header Files</Filter>
    </ClInclude>
    <ClInclude Include="SimulationParameters.h">
      <Filter>Header Files</Filter>
    </ClInclude>
    <ClInclude Include="Stator.h">
      <Filter>Header Files</Filter>
    </ClInclude>
    <ClInclude Include="Stopper.h">
      <Filter>Header Files</Filter>
    </ClInclude>
    <ClInclude Include="SuctionChamber.h">
      <Filter>Header Files</Filter>
    </ClInclude>
    <ClInclude Include="SuctionLine.h">
      <Filter>Header Files</Filter>
    </ClInclude>
    <ClInclude Include="SuctionMuffler.h">
      <Filter>Header Files</Filter>
    </ClInclude>
    <ClInclude Include="ThermalBalance.h">
      <Filter>Header Files</Filter>
    </ClInclude>
    <ClInclude Include="ThermalSimulation.h">
      <Filter>Header Files</Filter>
    </ClInclude>
    <ClInclude Include="Valve.h">
      <Filter>Header Files</Filter>
    </ClInclude>
    <ClInclude Include="Work.h">
      <Filter>Header Files</Filter>
    </ClInclude>
  </ItemGroup>
  <ItemGroup>
    <ClCompile Include="AdimensionalNumbers.cpp">
      <Filter>Source Files</Filter>
    </ClCompile>
    <ClCompile Include="AnnulusLeak.cpp">
      <Filter>Source Files</Filter>
    </ClCompile>
    <ClCompile Include="Axis.cpp">
      <Filter>Source Files</Filter>
    </ClCompile>
    <ClCompile Include="Bearings.cpp">
      <Filter>Source Files</Filter>
    </ClCompile>
    <ClCompile Include="Booster.cpp">
      <Filter>Source Files</Filter>
    </ClCompile>
    <ClCompile Include="Bundy.cpp">
      <Filter>Source Files</Filter>
    </ClCompile>
    <ClCompile Include="CompressionChamber.cpp">
      <Filter>Source Files</Filter>
    </ClCompile>
    <ClCompile Include="Compressor.cpp">
      <Filter>Source Files</Filter>
    </ClCompile>
    <ClCompile Include="Constants.cpp">
      <Filter>Source Files</Filter>
    </ClCompile>
    <ClCompile Include="Crank.cpp">
      <Filter>Source Files</Filter>
    </ClCompile>
    <ClCompile Include="Cylinder.cpp">
      <Filter>Source Files</Filter>
    </ClCompile>
    <ClCompile Include="DischargeChamber.cpp">
      <Filter>Source Files</Filter>
    </ClCompile>
    <ClCompile Include="DischargeLine.cpp">
      <Filter>Source Files</Filter>
    </ClCompile>
    <ClCompile Include="DischargeMuffler.cpp">
      <Filter>Source Files</Filter>
    </ClCompile>
    <ClCompile Include="DynamicSystem.cpp">
      <Filter>Source Files</Filter>
    </ClCompile>
    <ClCompile Include="DynamicSystemFactory.cpp">
      <Filter>Source Files</Filter>
    </ClCompile>
    <ClCompile Include="EffectiveFlowArea.cpp">
      <Filter>Source Files</Filter>
    </ClCompile>
    <ClCompile Include="EffectiveForceArea.cpp">
      <Filter>Source Files</Filter>
    </ClCompile>
    <ClCompile Include="Evaporator.cpp">
      <Filter>Source Files</Filter>
    </ClCompile>
    <ClCompile Include="ExperimentalTemperatures.cpp">
      <Filter>Source Files</Filter>
    </ClCompile>
    <ClCompile Include="ExternalEnvironment.cpp">
      <Filter>Source Files</Filter>
    </ClCompile>
    <ClCompile Include="GlobalHeatTransfer.cpp">
      <Filter>Source Files</Filter>
    </ClCompile>
    <ClCompile Include="HeatTransfer.cpp">
      <Filter>Source Files</Filter>
    </ClCompile>
    <ClCompile Include="HeatTransferRate.cpp">
      <Filter>Source Files</Filter>
    </ClCompile>
    <ClCompile Include="Impeller.cpp">
      <Filter>Source Files</Filter>
    </ClCompile>
    <ClCompile Include="Input.cpp">
      <Filter>Source Files</Filter>
    </ClCompile>
    <ClCompile Include="InternalEnvironment.cpp">
      <Filter>Source Files</Filter>
    </ClCompile>
    <ClCompile Include="Interpolation.cpp">
      <Filter>Source Files</Filter>
    </ClCompile>
    <ClCompile Include="Jacobian.cpp">
      <Filter>Source Files</Filter>
    </ClCompile>
    <ClCompile Include="Leak.cpp">
      <Filter>Source Files</Filter>
    </ClCompile>
    <ClCompile Include="main.cpp">
      <Filter>Source Files</Filter>
    </ClCompile>
    <ClCompile Include="Mechanism.cpp">
      <Filter>Source Files</Filter>
    </ClCompile>
    <ClCompile Include="Motor.cpp">
      <Filter>Source Files</Filter>
    </ClCompile>
    <ClCompile Include="MultiploOrifices.cpp">
      <Filter>Source Files</Filter>
    </ClCompile>
    <ClCompile Include="NewRecip.cpp">
      <Filter>Source Files</Filter>
    </ClCompile>
    <ClCompile Include="NewtonRaphson.cpp">
      <Filter>Source Files</Filter>
    </ClCompile>
    <ClCompile Include="Oil.cpp">
      <Filter>Source Files</Filter>
    </ClCompile>
    <ClCompile Include="Orifice.cpp">
      <Filter>Source Files</Filter>
    </ClCompile>
    <ClCompile Include="OrificeFactory.cpp">
      <Filter>Source Files</Filter>
    </ClCompile>
    <ClCompile Include="OrificesSet.cpp">
      <Filter>Source Files</Filter>
    </ClCompile>
    <ClCompile Include="Piston.cpp">
      <Filter>Source Files</Filter>
    </ClCompile>
    <ClCompile Include="POLOIO.cpp">
      <Filter>Source Files</Filter>
    </ClCompile>
    <ClCompile Include="PostProcessing.cpp">
      <Filter>Source Files</Filter>
    </ClCompile>
    <ClCompile Include="Refrigerant.cpp">
      <Filter>Source Files</Filter>
    </ClCompile>
    <ClCompile Include="Rod.cpp">
      <Filter>Source Files</Filter>
    </ClCompile>
    <ClCompile Include="SimulationParameters.cpp">
      <Filter>Source Files</Filter>
    </ClCompile>
    <ClCompile Include="Stator.cpp">
      <Filter>Source Files</Filter>
    </ClCompile>
    <ClCompile Include="Stopper.cpp">
      <Filter>Source Files</Filter>
    </ClCompile>
    <ClCompile Include="SuctionChamber.cpp">
      <Filter>Source Files</Filter>
    </ClCompile>
    <ClCompile Include="SuctionLine.cpp">
      <Filter>Source Files</Filter>
    </ClCompile>
    <ClCompile Include="SuctionMuffler.cpp">
      <Filter>Source Files</Filter>
    </ClCompile>
    <ClCompile Include="ThermalBalance.cpp">
      <Filter>Source Files</Filter>
    </ClCompile>
    <ClCompile Include="ThermalSimulation.cpp">
      <Filter>Source Files</Filter>
    </ClCompile>
    <ClCompile Include="Valve.cpp">
      <Filter>Source Files</Filter>
    </ClCompile>
    <ClCompile Include="Work.cpp">
      <Filter>Source Files</Filter>
    </ClCompile>
  </ItemGroup>
</Project>